
Microsoft Visual Studio Solution File, Format Version 12.00
# Visual Studio 15
VisualStudioVersion = 15.0.28010.2050
MinimumVisualStudioVersion = 10.0.40219.1
Project("{FAE04EC0-301F-11D3-BF4B-00C04F79EFBC}") = "OData Server", "OData Server\OData Server.csproj", "{843B796E-9FD9-4D7C-BC90-E06C905C3AB1}"
EndProject
Global
	GlobalSection(SolutionConfigurationPlatforms) = preSolution
		Debug|Any CPU = Debug|Any CPU
		Release|Any CPU = Release|Any CPU
	EndGlobalSection
	GlobalSection(ProjectConfigurationPlatforms) = postSolution
		{843B796E-9FD9-4D7C-BC90-E06C905C3AB1}.Debug|Any CPU.ActiveCfg = Debug|Any CPU
		{843B796E-9FD9-4D7C-BC90-E06C905C3AB1}.Debug|Any CPU.Build.0 = Debug|Any CPU
		{843B796E-9FD9-4D7C-BC90-E06C905C3AB1}.Release|Any CPU.ActiveCfg = Release|Any CPU
		{843B796E-9FD9-4D7C-BC90-E06C905C3AB1}.Release|Any CPU.Build.0 = Release|Any CPU
	EndGlobalSection
	GlobalSection(SolutionProperties) = preSolution
		HideSolutionNode = FALSE
	EndGlobalSection
	GlobalSection(ExtensibilityGlobals) = postSolution
		SolutionGuid = {AA897C74-2A7C-4355-9887-31802DB23D79}
	EndGlobalSection
EndGlobal
